
Microsoft Visual Studio Solution File, Format Version 12.00
# Visual Studio Version 17
VisualStudioVersion = 17.12.35514.174 d17.12
MinimumVisualStudioVersion = 10.0.40219.1
Project("{FAE04EC0-301F-11D3-BF4B-00C04F79EFBC}") = "Regisrty", "Regisrty.csproj", "{6809F4D4-00E0-4D05-88A5-21DC31B4EAD6}"
EndProject
Project("{FAE04EC0-301F-11D3-BF4B-00C04F79EFBC}") = "BusinessLogic", "..\BusinessLogic\BusinessLogic.csproj", "{030E6344-F6D4-44EC-87DD-FA2C6B7E7CF9}"
EndProject
Project("{FAE04EC0-301F-11D3-BF4B-00C04F79EFBC}") = "FileStorage", "..\FileStorage\FileStorage.csproj", "{C313FFDA-165B-417C-82D6-D7BDAA8DAF82}"
EndProject
Global
	GlobalSection(SolutionConfigurationPlatforms) = preSolution
		Debug|Any CPU = Debug|Any CPU
		Release|Any CPU = Release|Any CPU
	EndGlobalSection
	GlobalSection(ProjectConfigurationPlatforms) = postSolution
		{6809F4D4-00E0-4D05-88A5-21DC31B4EAD6}.Debug|Any CPU.ActiveCfg = Debug|Any CPU
		{6809F4D4-00E0-4D05-88A5-21DC31B4EAD6}.Debug|Any CPU.Build.0 = Debug|Any CPU
		{6809F4D4-00E0-4D05-88A5-21DC31B4EAD6}.Release|Any CPU.ActiveCfg = Release|Any CPU
		{6809F4D4-00E0-4D05-88A5-21DC31B4EAD6}.Release|Any CPU.Build.0 = Release|Any CPU
		{030E6344-F6D4-44EC-87DD-FA2C6B7E7CF9}.Debug|Any CPU.ActiveCfg = Debug|Any CPU
		{030E6344-F6D4-44EC-87DD-FA2C6B7E7CF9}.Debug|Any CPU.Build.0 = Debug|Any CPU
		{030E6344-F6D4-44EC-87DD-FA2C6B7E7CF9}.Release|Any CPU.ActiveCfg = Release|Any CPU
		{030E6344-F6D4-44EC-87DD-FA2C6B7E7CF9}.Release|Any CPU.Build.0 = Release|Any CPU
		{C313FFDA-165B-417C-82D6-D7BDAA8DAF82}.Debug|Any CPU.ActiveCfg = Debug|Any CPU
		{C313FFDA-165B-417C-82D6-D7BDAA8DAF82}.Debug|Any CPU.Build.0 = Debug|Any CPU
		{C313FFDA-165B-417C-82D6-D7BDAA8DAF82}.Release|Any CPU.ActiveCfg = Release|Any CPU
		{C313FFDA-165B-417C-82D6-D7BDAA8DAF82}.Release|Any CPU.Build.0 = Release|Any CPU
	EndGlobalSection
	GlobalSection(SolutionProperties) = preSolution
		HideSolutionNode = FALSE
	EndGlobalSection
EndGlobal
